<?xml version="1.0" encoding="UTF-8" standalone="yes" ?>
<CodeBlocks_project_file>
	<FileVersion major="1" minor="6" />
	<Project>
		<Option title="MIPS_OOP" />
		<Option pch_mode="2" />
		<Option compiler="gcc" />
		<Build>
			<Target title="Debug">
				<Option output="bin/Debug/MIPS_OOP" prefix_auto="1" extension_auto="1" />
				<Option object_output="obj/Debug/" />
				<Option type="1" />
				<Option compiler="gcc" />
				<Option parameters='-N 17770 -Q 999 -D 300 -K 100 -B 300 -S 10000 -M 1 --fx &quot;/home/wang/Desktop/data/_X_17770_300.txt&quot; --fq &quot;/home/wang/Desktop/data/_Q_999_300.txt&quot; --up 1024 --s0 5' />
				<Compiler>
					<Add option="-g" />
				</Compiler>
			</Target>
			<Target title="Release">
				<Option output="bin/Release/MIPS_OOP" prefix_auto="1" extension_auto="1" />
				<Option object_output="obj/Release/" />
				<Option type="1" />
				<Option compiler="gcc" />
				<Option parameters="-N 100 -Q 50 -D 300" />
				<Compiler>
					<Add option="-O2" />
				</Compiler>
				<Linker>
					<Add option="-s" />
				</Linker>
			</Target>
		</Build>
		<Compiler>
			<Add option="-Wall" />
			<Add option="-fexceptions" />
		</Compiler>
		<Unit filename="CEOs.cpp" />
		<Unit filename="CEOs.h" />
		<Unit filename="MIPS.cpp" />
		<Unit filename="MIPS.h" />
		<Unit filename="Utilities.cpp" />
		<Unit filename="Utilities.h" />
		<Unit filename="fast_copy.c">
			<Option compilerVar="CC" />
		</Unit>
		<Unit filename="fast_copy.h" />
		<Unit filename="fht.c">
			<Option compilerVar="CC" />
		</Unit>
		<Unit filename="fht.h" />
		<Unit filename="header.cpp" />
		<Unit filename="header.h" />
		<Unit filename="main.cpp" />
		<Extensions />
	</Project>
</CodeBlocks_project_file>
